
Microsoft Visual Studio Solution File, Format Version 12.00
# Visual Studio Version 17
VisualStudioVersion = 17.3.32929.385
MinimumVisualStudioVersion = 10.0.40219.1
Project("{FAE04EC0-301F-11D3-BF4B-00C04F79EFBC}") = "HistoriaClinicaMVC", "HistoriaClinicaMVC\HistoriaClinicaMVC.csproj", "{6508BF43-240A-4126-93D5-AD8EC37A1B3D}"
EndProject
Global
	GlobalSection(SolutionConfigurationPlatforms) = preSolution
		Debug|Any CPU = Debug|Any CPU
		Release|Any CPU = Release|Any CPU
	EndGlobalSection
	GlobalSection(ProjectConfigurationPlatforms) = postSolution
		{6508BF43-240A-4126-93D5-AD8EC37A1B3D}.Debug|Any CPU.ActiveCfg = Debug|Any CPU
		{6508BF43-240A-4126-93D5-AD8EC37A1B3D}.Debug|Any CPU.Build.0 = Debug|Any CPU
		{6508BF43-240A-4126-93D5-AD8EC37A1B3D}.Release|Any CPU.ActiveCfg = Release|Any CPU
		{6508BF43-240A-4126-93D5-AD8EC37A1B3D}.Release|Any CPU.Build.0 = Release|Any CPU
	EndGlobalSection
	GlobalSection(SolutionProperties) = preSolution
		HideSolutionNode = FALSE
	EndGlobalSection
	GlobalSection(ExtensibilityGlobals) = postSolution
		SolutionGuid = {AB135655-3DEE-4C4C-8CED-6FA6975F25EF}
	EndGlobalSection
EndGlobal
